
Microsoft Visual Studio Solution File, Format Version 12.00
# Visual Studio Version 17
VisualStudioVersion = 17.9.34622.214
MinimumVisualStudioVersion = 10.0.40219.1
Project("{FAE04EC0-301F-11D3-BF4B-00C04F79EFBC}") = "dotnetReplicate", "dotnetReplicate\dotnetReplicate.csproj", "{6AC3E91E-AFDF-4632-B986-F5923590B826}"
EndProject
Project("{FAE04EC0-301F-11D3-BF4B-00C04F79EFBC}") = "dotnetReplicate.Tests", "dotnetReplicate.Tests\dotnetReplicate.Tests.csproj", "{19188F7D-2052-43EC-8D87-7CC385EB093C}"
EndProject
Global
	GlobalSection(SolutionConfigurationPlatforms) = preSolution
		Debug|Any CPU = Debug|Any CPU
		Release|Any CPU = Release|Any CPU
	EndGlobalSection
	GlobalSection(ProjectConfigurationPlatforms) = postSolution
		{6AC3E91E-AFDF-4632-B986-F5923590B826}.Debug|Any CPU.ActiveCfg = Debug|Any CPU
		{6AC3E91E-AFDF-4632-B986-F5923590B826}.Debug|Any CPU.Build.0 = Debug|Any CPU
		{6AC3E91E-AFDF-4632-B986-F5923590B826}.Release|Any CPU.ActiveCfg = Release|Any CPU
		{6AC3E91E-AFDF-4632-B986-F5923590B826}.Release|Any CPU.Build.0 = Release|Any CPU
		{19188F7D-2052-43EC-8D87-7CC385EB093C}.Debug|Any CPU.ActiveCfg = Debug|Any CPU
		{19188F7D-2052-43EC-8D87-7CC385EB093C}.Debug|Any CPU.Build.0 = Debug|Any CPU
		{19188F7D-2052-43EC-8D87-7CC385EB093C}.Release|Any CPU.ActiveCfg = Release|Any CPU
		{19188F7D-2052-43EC-8D87-7CC385EB093C}.Release|Any CPU.Build.0 = Release|Any CPU
	EndGlobalSection
	GlobalSection(SolutionProperties) = preSolution
		HideSolutionNode = FALSE
	EndGlobalSection
	GlobalSection(ExtensibilityGlobals) = postSolution
		SolutionGuid = {30AF87C4-5FC4-44E8-B9D1-50D516793306}
	EndGlobalSection
EndGlobal
